
Microsoft Visual Studio Solution File, Format Version 12.00
# Visual Studio 2012
Project("{FAE04EC0-301F-11D3-BF4B-00C04F79EFBC}") = "SearchBarDemo", "SearchBarDemo\SearchBarDemo.csproj", "{A1F494B9-69CA-4A9D-AACA-E35D905B1F0C}"
EndProject
Global
	GlobalSection(SolutionConfigurationPlatforms) = preSolution
		Debug|iPhoneSimulator = Debug|iPhoneSimulator
		Release|iPhone = Release|iPhone
		Release|iPhoneSimulator = Release|iPhoneSimulator
		Debug|iPhone = Debug|iPhone
	EndGlobalSection
	GlobalSection(ProjectConfigurationPlatforms) = postSolution
		{A1F494B9-69CA-4A9D-AACA-E35D905B1F0C}.Debug|iPhoneSimulator.ActiveCfg = Debug|iPhoneSimulator
		{A1F494B9-69CA-4A9D-AACA-E35D905B1F0C}.Debug|iPhoneSimulator.Build.0 = Debug|iPhoneSimulator
		{A1F494B9-69CA-4A9D-AACA-E35D905B1F0C}.Release|iPhone.ActiveCfg = Release|iPhone
		{A1F494B9-69CA-4A9D-AACA-E35D905B1F0C}.Release|iPhone.Build.0 = Release|iPhone
		{A1F494B9-69CA-4A9D-AACA-E35D905B1F0C}.Release|iPhoneSimulator.ActiveCfg = Release|iPhoneSimulator
		{A1F494B9-69CA-4A9D-AACA-E35D905B1F0C}.Release|iPhoneSimulator.Build.0 = Release|iPhoneSimulator
		{A1F494B9-69CA-4A9D-AACA-E35D905B1F0C}.Debug|iPhone.ActiveCfg = Debug|iPhone
		{A1F494B9-69CA-4A9D-AACA-E35D905B1F0C}.Debug|iPhone.Build.0 = Debug|iPhone
	EndGlobalSection
EndGlobal
